
Microsoft Visual Studio Solution File, Format Version 12.00
# Visual Studio Version 17
VisualStudioVersion = 17.11.35219.272
MinimumVisualStudioVersion = 10.0.40219.1
Project("{FAE04EC0-301F-11D3-BF4B-00C04F79EFBC}") = "SDKSample", "AirTimeCityJrnlManager\SDKSample.csproj", "{FE5C08BC-F753-4B91-BBFF-FB78002A97F8}"
EndProject
Global
	GlobalSection(SolutionConfigurationPlatforms) = preSolution
		Debug|Any CPU = Debug|Any CPU
		Release|Any CPU = Release|Any CPU
	EndGlobalSection
	GlobalSection(ProjectConfigurationPlatforms) = postSolution
		{FE5C08BC-F753-4B91-BBFF-FB78002A97F8}.Debug|Any CPU.ActiveCfg = Debug|Any CPU
		{FE5C08BC-F753-4B91-BBFF-FB78002A97F8}.Debug|Any CPU.Build.0 = Debug|Any CPU
		{FE5C08BC-F753-4B91-BBFF-FB78002A97F8}.Release|Any CPU.ActiveCfg = Release|Any CPU
		{FE5C08BC-F753-4B91-BBFF-FB78002A97F8}.Release|Any CPU.Build.0 = Release|Any CPU
	EndGlobalSection
	GlobalSection(SolutionProperties) = preSolution
		HideSolutionNode = FALSE
	EndGlobalSection
	GlobalSection(ExtensibilityGlobals) = postSolution
		SolutionGuid = {7C8134D6-D83D-41D5-8C0A-2C1396A707D1}
	EndGlobalSection
EndGlobal
